
Microsoft Visual Studio Solution File, Format Version 12.00
# Visual Studio Version 17
VisualStudioVersion = 17.7.34018.315
MinimumVisualStudioVersion = 10.0.40219.1
Project("{9A19103F-16F7-4668-BE54-9A1E7A4F7556}") = "Chuchupalova_OOP_Project_DiscountMarketplace", "Chuchupalova_OOP_Project_DiscountMarketplace\Chuchupalova_OOP_Project_DiscountMarketplace.csproj", "{3D151616-AE3F-4356-951C-402B5FA03CFD}"
EndProject
Project("{9A19103F-16F7-4668-BE54-9A1E7A4F7556}") = "DiscountMarketplace.Domain", "DiscountMarketplace.Domain\DiscountMarketplace.Domain.csproj", "{27E928C9-807B-4373-8A09-BED3382F49D6}"
EndProject
Project("{FAE04EC0-301F-11D3-BF4B-00C04F79EFBC}") = "TestProject", "TestProject\TestProject.csproj", "{C5CA6173-06EC-437F-9EA7-53274A3012F9}"
EndProject
Global
	GlobalSection(SolutionConfigurationPlatforms) = preSolution
		Debug|Any CPU = Debug|Any CPU
		Release|Any CPU = Release|Any CPU
	EndGlobalSection
	GlobalSection(ProjectConfigurationPlatforms) = postSolution
		{3D151616-AE3F-4356-951C-402B5FA03CFD}.Debug|Any CPU.ActiveCfg = Debug|Any CPU
		{3D151616-AE3F-4356-951C-402B5FA03CFD}.Debug|Any CPU.Build.0 = Debug|Any CPU
		{3D151616-AE3F-4356-951C-402B5FA03CFD}.Release|Any CPU.ActiveCfg = Release|Any CPU
		{3D151616-AE3F-4356-951C-402B5FA03CFD}.Release|Any CPU.Build.0 = Release|Any CPU
		{27E928C9-807B-4373-8A09-BED3382F49D6}.Debug|Any CPU.ActiveCfg = Debug|Any CPU
		{27E928C9-807B-4373-8A09-BED3382F49D6}.Debug|Any CPU.Build.0 = Debug|Any CPU
		{27E928C9-807B-4373-8A09-BED3382F49D6}.Release|Any CPU.ActiveCfg = Release|Any CPU
		{27E928C9-807B-4373-8A09-BED3382F49D6}.Release|Any CPU.Build.0 = Release|Any CPU
		{C5CA6173-06EC-437F-9EA7-53274A3012F9}.Debug|Any CPU.ActiveCfg = Debug|Any CPU
		{C5CA6173-06EC-437F-9EA7-53274A3012F9}.Debug|Any CPU.Build.0 = Debug|Any CPU
		{C5CA6173-06EC-437F-9EA7-53274A3012F9}.Release|Any CPU.ActiveCfg = Release|Any CPU
		{C5CA6173-06EC-437F-9EA7-53274A3012F9}.Release|Any CPU.Build.0 = Release|Any CPU
	EndGlobalSection
	GlobalSection(SolutionProperties) = preSolution
		HideSolutionNode = FALSE
	EndGlobalSection
	GlobalSection(ExtensibilityGlobals) = postSolution
		SolutionGuid = {9633F8B3-4246-4744-8D2E-8BE976289C1E}
	EndGlobalSection
EndGlobal
